[root]
name = "private-box-native"
version = "0.1.0"
dependencies = [
 "arrayref 0.3.4 (registry+https://github.com/rust-lang/crates.io-index)",
 "cslice 0.2.0 (registry+https://github.com/rust-lang/crates.io-index)",
 "futures 0.1.17 (registry+https://github.com/rust-lang/crates.io-index)",
 "futures-cpupool 0.1.8 (registry+https://github.com/rust-lang/crates.io-index)",
 "lazy_static 1.0.0 (registry+https://github.com/rust-lang/crates.io-index)",
 "neon 0.1.22 (registry+https://github.com/rust-lang/crates.io-index)",
 "neon-build 0.1.22 (registry+https://github.com/rust-lang/crates.io-index)",
 "neon-runtime 0.1.22 (registry+https://github.com/rust-lang/crates.io-index)",
 "private-box 0.3.5 (registry+https://github.com/rust-lang/crates.io-index)",
 "sodiumoxide 0.0.16 (registry+https://github.com/rust-lang/crates.io-index)",
]

[[package]]
name = "aho-corasick"
version = "0.6.4"
source = "registry+https://github.com/rust-lang/crates.io-index"
dependencies = [
 "memchr 2.0.1 (registry+https://github.com/rust-lang/crates.io-index)",
]

[[package]]
name = "arrayref"
version = "0.3.4"
source = "registry+https://github.com/rust-lang/crates.io-index"

[[package]]
name = "cslice"
version = "0.2.0"
source = "registry+https://github.com/rust-lang/crates.io-index"

[[package]]
name = "futures"
version = "0.1.17"
source = "registry+https://github.com/rust-lang/crates.io-index"

[[package]]
name = "futures-cpupool"
version = "0.1.8"
source = "registry+https://github.com/rust-lang/crates.io-index"
dependencies = [
 "futures 0.1.17 (registry+https://github.com/rust-lang/crates.io-index)",
 "num_cpus 1.8.0 (registry+https://github.com/rust-lang/crates.io-index)",
]

[[package]]
name = "gcc"
version = "0.3.54"
source = "registry+https://github.com/rust-lang/crates.io-index"

[[package]]
name = "lazy_static"
version = "1.0.0"
source = "registry+https://github.com/rust-lang/crates.io-index"

[[package]]
name = "libc"
version = "0.2.35"
source = "registry+https://github.com/rust-lang/crates.io-index"

[[package]]
name = "libsodium-sys"
version = "0.0.16"
source = "registry+https://github.com/rust-lang/crates.io-index"
dependencies = [
 "libc 0.2.35 (registry+https://github.com/rust-lang/crates.io-index)",
 "pkg-config 0.3.9 (registry+https://github.com/rust-lang/crates.io-index)",
]

[[package]]
name = "memchr"
version = "2.0.1"
source = "registry+https://github.com/rust-lang/crates.io-index"
dependencies = [
 "libc 0.2.35 (registry+https://github.com/rust-lang/crates.io-index)",
]

[[package]]
name = "neon"
version = "0.1.22"
source = "registry+https://github.com/rust-lang/crates.io-index"
dependencies = [
 "cslice 0.2.0 (registry+https://github.com/rust-lang/crates.io-index)",
 "neon-build 0.1.22 (registry+https://github.com/rust-lang/crates.io-index)",
 "neon-runtime 0.1.22 (registry+https://github.com/rust-lang/crates.io-index)",
 "semver 0.9.0 (registry+https://github.com/rust-lang/crates.io-index)",
]

[[package]]
name = "neon-build"
version = "0.1.22"
source = "registry+https://github.com/rust-lang/crates.io-index"

[[package]]
name = "neon-runtime"
version = "0.1.22"
source = "registry+https://github.com/rust-lang/crates.io-index"
dependencies = [
 "cslice 0.2.0 (registry+https://github.com/rust-lang/crates.io-index)",
 "gcc 0.3.54 (registry+https://github.com/rust-lang/crates.io-index)",
 "regex 0.2.5 (registry+https://github.com/rust-lang/crates.io-index)",
]

[[package]]
name = "num_cpus"
version = "1.8.0"
source = "registry+https://github.com/rust-lang/crates.io-index"
dependencies = [
 "libc 0.2.35 (registry+https://github.com/rust-lang/crates.io-index)",
]

[[package]]
name = "pkg-config"
version = "0.3.9"
source = "registry+https://github.com/rust-lang/crates.io-index"

[[package]]
name = "private-box"
version = "0.3.5"
source = "registry+https://github.com/rust-lang/crates.io-index"
dependencies = [
 "arrayref 0.3.4 (registry+https://github.com/rust-lang/crates.io-index)",
 "libsodium-sys 0.0.16 (registry+https://github.com/rust-lang/crates.io-index)",
 "sodiumoxide 0.0.16 (registry+https://github.com/rust-lang/crates.io-index)",
]

[[package]]
name = "regex"
version = "0.2.5"
source = "registry+https://github.com/rust-lang/crates.io-index"
dependencies = [
 "aho-corasick 0.6.4 (registry+https://github.com/rust-lang/crates.io-index)",
 "memchr 2.0.1 (registry+https://github.com/rust-lang/crates.io-index)",
 "regex-syntax 0.4.2 (registry+https://github.com/rust-lang/crates.io-index)",
 "thread_local 0.3.5 (registry+https://github.com/rust-lang/crates.io-index)",
 "utf8-ranges 1.0.0 (registry+https://github.com/rust-lang/crates.io-index)",
]

[[package]]
name = "regex-syntax"
version = "0.4.2"
source = "registry+https://github.com/rust-lang/crates.io-index"

[[package]]
name = "semver"
version = "0.9.0"
source = "registry+https://github.com/rust-lang/crates.io-index"
dependencies = [
 "semver-parser 0.7.0 (registry+https://github.com/rust-lang/crates.io-index)",
]

[[package]]
name = "semver-parser"
version = "0.7.0"
source = "registry+https://github.com/rust-lang/crates.io-index"

[[package]]
name = "serde"
version = "1.0.27"
source = "registry+https://github.com/rust-lang/crates.io-index"

[[package]]
name = "sodiumoxide"
version = "0.0.16"
source = "registry+https://github.com/rust-lang/crates.io-index"
dependencies = [
 "libc 0.2.35 (registry+https://github.com/rust-lang/crates.io-index)",
 "libsodium-sys 0.0.16 (registry+https://github.com/rust-lang/crates.io-index)",
 "serde 1.0.27 (registry+https://github.com/rust-lang/crates.io-index)",
]

[[package]]
name = "thread_local"
version = "0.3.5"
source = "registry+https://github.com/rust-lang/crates.io-index"
dependencies = [
 "lazy_static 1.0.0 (registry+https://github.com/rust-lang/crates.io-index)",
 "unreachable 1.0.0 (registry+https://github.com/rust-lang/crates.io-index)",
]

[[package]]
name = "unreachable"
version = "1.0.0"
source = "registry+https://github.com/rust-lang/crates.io-index"
dependencies = [
 "void 1.0.2 (registry+https://github.com/rust-lang/crates.io-index)",
]

[[package]]
name = "utf8-ranges"
version = "1.0.0"
source = "registry+https://github.com/rust-lang/crates.io-index"

[[package]]
name = "void"
version = "1.0.2"
source = "registry+https://github.com/rust-lang/crates.io-index"

[metadata]
"checksum aho-corasick 0.6.4 (registry+https://github.com/rust-lang/crates.io-index)" = "d6531d44de723825aa81398a6415283229725a00fa30713812ab9323faa82fc4"
"checksum arrayref 0.3.4 (registry+https://github.com/rust-lang/crates.io-index)" = "0fd1479b7c29641adbd35ff3b5c293922d696a92f25c8c975da3e0acbc87258f"
"checksum cslice 0.2.0 (registry+https://github.com/rust-lang/crates.io-index)" = "697c714f50560202b1f4e2e09cd50a421881c83e9025db75d15f276616f04f40"
"checksum futures 0.1.17 (registry+https://github.com/rust-lang/crates.io-index)" = "118b49cac82e04121117cbd3121ede3147e885627d82c4546b87c702debb90c1"
"checksum futures-cpupool 0.1.8 (registry+https://github.com/rust-lang/crates.io-index)" = "ab90cde24b3319636588d0c35fe03b1333857621051837ed769faefb4c2162e4"
"checksum gcc 0.3.54 (registry+https://github.com/rust-lang/crates.io-index)" = "5e33ec290da0d127825013597dbdfc28bee4964690c7ce1166cbc2a7bd08b1bb"
"checksum lazy_static 1.0.0 (registry+https://github.com/rust-lang/crates.io-index)" = "c8f31047daa365f19be14b47c29df4f7c3b581832407daabe6ae77397619237d"
"checksum libc 0.2.35 (registry+https://github.com/rust-lang/crates.io-index)" = "96264e9b293e95d25bfcbbf8a88ffd1aedc85b754eba8b7d78012f638ba220eb"
"checksum libsodium-sys 0.0.16 (registry+https://github.com/rust-lang/crates.io-index)" = "fcbd1beeed8d44caa8a669ebaa697c313976e242c03cc9fb23d88bf1656f5542"
"checksum memchr 2.0.1 (registry+https://github.com/rust-lang/crates.io-index)" = "796fba70e76612589ed2ce7f45282f5af869e0fdd7cc6199fa1aa1f1d591ba9d"
"checksum neon 0.1.22 (registry+https://github.com/rust-lang/crates.io-index)" = "6f6078a0767408131206f802cb4ee2b1d78a035f23c209c3c0cb1dbe258a8737"
"checksum neon-build 0.1.22 (registry+https://github.com/rust-lang/crates.io-index)" = "0220c1150ca0ac00df8fc1001dde699cf17762f208f43c497d90e91c910c0a17"
"checksum neon-runtime 0.1.22 (registry+https://github.com/rust-lang/crates.io-index)" = "9a53b08f4dfc0ebc9ecb8bd8a02ace763e833d657f03614293254420a413c036"
"checksum num_cpus 1.8.0 (registry+https://github.com/rust-lang/crates.io-index)" = "c51a3322e4bca9d212ad9a158a02abc6934d005490c054a2778df73a70aa0a30"
"checksum pkg-config 0.3.9 (registry+https://github.com/rust-lang/crates.io-index)" = "3a8b4c6b8165cd1a1cd4b9b120978131389f64bdaf456435caa41e630edba903"
"checksum private-box 0.3.5 (registry+https://github.com/rust-lang/crates.io-index)" = "782e87bda365116fd408ce09ff1078d380f83447680111b0a0a9395609a66e65"
"checksum regex 0.2.5 (registry+https://github.com/rust-lang/crates.io-index)" = "744554e01ccbd98fff8c457c3b092cd67af62a555a43bfe97ae8a0451f7799fa"
"checksum regex-syntax 0.4.2 (registry+https://github.com/rust-lang/crates.io-index)" = "8e931c58b93d86f080c734bfd2bce7dd0079ae2331235818133c8be7f422e20e"
"checksum semver 0.9.0 (registry+https://github.com/rust-lang/crates.io-index)" = "1d7eb9ef2c18661902cc47e535f9bc51b78acd254da71d375c2f6720d9a40403"
"checksum semver-parser 0.7.0 (registry+https://github.com/rust-lang/crates.io-index)" = "388a1df253eca08550bef6c72392cfe7c30914bf41df5269b68cbd6ff8f570a3"
"checksum serde 1.0.27 (registry+https://github.com/rust-lang/crates.io-index)" = "db99f3919e20faa51bb2996057f5031d8685019b5a06139b1ce761da671b8526"
"checksum sodiumoxide 0.0.16 (registry+https://github.com/rust-lang/crates.io-index)" = "eb5cb2f14f9a51352ad65e59257a0a9459d5a36a3615f3d53a974c82fdaaa00a"
"checksum thread_local 0.3.5 (registry+https://github.com/rust-lang/crates.io-index)" = "279ef31c19ededf577bfd12dfae728040a21f635b06a24cd670ff510edd38963"
"checksum unreachable 1.0.0 (registry+https://github.com/rust-lang/crates.io-index)" = "382810877fe448991dfc7f0dd6e3ae5d58088fd0ea5e35189655f84e6814fa56"
"checksum utf8-ranges 1.0.0 (registry+https://github.com/rust-lang/crates.io-index)" = "662fab6525a98beff2921d7f61a39e7d59e0b425ebc7d0d9e66d316e55124122"
"checksum void 1.0.2 (registry+https://github.com/rust-lang/crates.io-index)" = "6a02e4885ed3bc0f2de90ea6dd45ebcbb66dacffe03547fadbb0eeae2770887d"
